{
  "name": "logs",
  "version": "0.0.1",
  "lockfileVersion": 1,
  "requires": true,
  "dependencies": {
    "simple-statistics": {
      "version": "7.0.8",
      "resolved": "https://registry.npmjs.org/simple-statistics/-/simple-statistics-7.0.8.tgz",
      "integrity": "sha512-cKK4U1ciuG7NG2P/FfbYtfoZYvn6VkIHxurRGuqW1bBOrKY0WK1Zr9C3EFjh8RAOldIRznm5kQvWTa3bsvkMIA=="
    }
  }
}
